
Microsoft Visual Studio Solution File, Format Version 12.00
# Visual Studio Version 17
VisualStudioVersion = 17.14.36212.18 d17.14
MinimumVisualStudioVersion = 10.0.40219.1
Project("{2150E333-8FDC-42A3-9474-1A3956D46DE8}") = "Services", "Services", "{57EF7CE3-BA75-4F2E-8D47-3907EF5C8020}"
EndProject
Project("{2150E333-8FDC-42A3-9474-1A3956D46DE8}") = "Catalog", "Catalog", "{615298A0-D84B-419A-A859-9EA2429C45E9}"
EndProject
Project("{FAE04EC0-301F-11D3-BF4B-00C04F79EFBC}") = "MultiShop.Catalog", "Services\Catalog\MultiShop.Catalog\MultiShop.Catalog.csproj", "{6AEE07F0-8ED3-42CA-8510-ABFC35744F08}"
EndProject
Project("{2150E333-8FDC-42A3-9474-1A3956D46DE8}") = "Discount", "Discount", "{8566FF64-87DB-4778-B9F1-B2C9A70187C6}"
EndProject
Project("{FAE04EC0-301F-11D3-BF4B-00C04F79EFBC}") = "MultiShop.Discount", "Services\Discount\MultiShop.Discount\MultiShop.Discount.csproj", "{19BE33D8-C333-4704-9102-E814F22DA87E}"
EndProject
Project("{2150E333-8FDC-42A3-9474-1A3956D46DE8}") = "Order", "Order", "{EA686AF2-D16B-4A5C-8AB4-7D820DA2CE7F}"
EndProject
Project("{2150E333-8FDC-42A3-9474-1A3956D46DE8}") = "Core", "Core", "{CA7863C6-49F5-4AC3-8F04-D3CCECCD7BB3}"
EndProject
Project("{2150E333-8FDC-42A3-9474-1A3956D46DE8}") = "Infrastructure", "Infrastructure", "{51DCCE44-FFB6-4C22-A165-F98D49B1097A}"
EndProject
Project("{2150E333-8FDC-42A3-9474-1A3956D46DE8}") = "Presentation", "Presentation", "{4A8915A5-AAF2-4260-8594-F0FE11C18FBC}"
EndProject
Project("{FAE04EC0-301F-11D3-BF4B-00C04F79EFBC}") = "MultiShop.Order.Domain", "Services\Order\Core\MultiShop.Order.Domain\MultiShop.Order.Domain.csproj", "{7BE58509-992F-497D-918B-C0DB9D9F5D78}"
EndProject
Project("{FAE04EC0-301F-11D3-BF4B-00C04F79EFBC}") = "MultiShop.Order.Application", "Services\Order\Core\MultiShop.Order.Application\MultiShop.Order.Application.csproj", "{E7371623-468B-4A4E-A412-513ABD69C773}"
EndProject
Project("{FAE04EC0-301F-11D3-BF4B-00C04F79EFBC}") = "MultiShop.Order.Persistence", "Services\Order\Infrastructure\MultiShop.Order.Persistence\MultiShop.Order.Persistence.csproj", "{03A1F0E6-BF6B-4C95-A0CF-E2263FE5C7AF}"
EndProject
Project("{FAE04EC0-301F-11D3-BF4B-00C04F79EFBC}") = "MultiShop.Order.WebApi", "Services\Order\Presentation\MultiShop.Order.WebApi\MultiShop.Order.WebApi.csproj", "{C058FD47-43C2-4D26-8044-8478B3C6DC25}"
EndProject
Project("{2150E333-8FDC-42A3-9474-1A3956D46DE8}") = "IdentityServer", "IdentityServer", "{85E6ADDC-6A22-41AE-93A0-3DC61ED32532}"
EndProject
Project("{FAE04EC0-301F-11D3-BF4B-00C04F79EFBC}") = "MultiShop.IdentityServer", "IdentityServer\MultiShop.IdentityServer\MultiShop.IdentityServer.csproj", "{10FD9B61-8386-4784-8F3B-AE468B5E6122}"
EndProject
Project("{2150E333-8FDC-42A3-9474-1A3956D46DE8}") = "Cargo", "Cargo", "{59A28AC1-AE08-435F-B991-427C618D051F}"
EndProject
Project("{FAE04EC0-301F-11D3-BF4B-00C04F79EFBC}") = "MultiShop.Cargo.EntityLayer", "Services\Cargo\MultiShop.Cargo.EntityLayer\MultiShop.Cargo.EntityLayer.csproj", "{E5AE42DC-553C-4D5E-8DD8-3123477332A2}"
EndProject
Project("{FAE04EC0-301F-11D3-BF4B-00C04F79EFBC}") = "MultiShop.Cargo.BusinessLayer", "Services\Cargo\MultiShop.Cargo.BusinessLayer\MultiShop.Cargo.BusinessLayer.csproj", "{EF49E0FC-FFD7-4F8A-BB55-5F9A47168B7E}"
EndProject
Project("{FAE04EC0-301F-11D3-BF4B-00C04F79EFBC}") = "MultiShop.Cargo.DataAccessLayer", "Services\Cargo\MultiShop.Cargo.DataAccessLayer\MultiShop.Cargo.DataAccessLayer.csproj", "{8D696663-21B9-43EF-A58B-EC0E0FE98822}"
EndProject
Project("{FAE04EC0-301F-11D3-BF4B-00C04F79EFBC}") = "MultiShop.Cargo.DtoLayer", "Services\Cargo\MultiShop.Cargo.DtoLayer\MultiShop.Cargo.DtoLayer.csproj", "{E0573220-1937-4751-9069-76A24CA47D05}"
EndProject
Project("{FAE04EC0-301F-11D3-BF4B-00C04F79EFBC}") = "MultiShop.Cargo.WebApi", "Services\Cargo\MultiShop.Cargo.WebApi\MultiShop.Cargo.WebApi.csproj", "{EF073A00-B98B-4D06-B542-865451EED73B}"
EndProject
Project("{2150E333-8FDC-42A3-9474-1A3956D46DE8}") = "Basket", "Basket", "{E3D9B627-B6C8-4FBD-A506-B3D4A4A62C50}"
EndProject
Project("{FAE04EC0-301F-11D3-BF4B-00C04F79EFBC}") = "MultiShop.Basket", "Services\Basket\MultiShop.Basket\MultiShop.Basket.csproj", "{C0A252C1-53F4-4429-9AAA-70221174C10B}"
EndProject
Project("{2150E333-8FDC-42A3-9474-1A3956D46DE8}") = "Frontends", "Frontends", "{983C095F-11A2-49E3-8FA8-019D4FA16C58}"
EndProject
Project("{FAE04EC0-301F-11D3-BF4B-00C04F79EFBC}") = "MultiShop.WebUI", "Frontends\MultiShop.WebUI\MultiShop.WebUI.csproj", "{0B509349-E084-4623-B682-3851582996FA}"
EndProject
Project("{FAE04EC0-301F-11D3-BF4B-00C04F79EFBC}") = "MultiShop.DtoLayer", "Frontends\MultiShop.DtoLayer\MultiShop.DtoLayer.csproj", "{F50553A5-A37E-499F-847D-88D4BF85128C}"
EndProject
Project("{2150E333-8FDC-42A3-9474-1A3956D46DE8}") = "Comment", "Comment", "{211FE5A6-0F6E-4497-8F84-7FC477DFFB3C}"
EndProject
Project("{FAE04EC0-301F-11D3-BF4B-00C04F79EFBC}") = "MultiShop.Comment", "Services\Comment\MultiShop.Comment\MultiShop.Comment.csproj", "{1F33B6B6-7919-4166-AD94-EBB030AF9C3F}"
EndProject
Project("{2150E333-8FDC-42A3-9474-1A3956D46DE8}") = "ApiGateways", "ApiGateways", "{8D1D9AE6-298B-4698-BC9D-13D2A0124A4F}"
EndProject
Project("{2150E333-8FDC-42A3-9474-1A3956D46DE8}") = "RapidApi", "RapidApi", "{97D90483-5781-4EA8-B1EA-7E5C27002843}"
EndProject
Project("{FAE04EC0-301F-11D3-BF4B-00C04F79EFBC}") = "MultiShop.OcelotGateway", "ApiGateways\MultiShop.OcelotGateway\MultiShop.OcelotGateway.csproj", "{B2C03664-A41E-4A5C-AC33-721019A83CAF}"
EndProject
Project("{2150E333-8FDC-42A3-9474-1A3956D46DE8}") = "Payment", "Payment", "{60F0B835-7C2A-4FF4-80A1-C3EFD2A6AA67}"
EndProject
Project("{FAE04EC0-301F-11D3-BF4B-00C04F79EFBC}") = "MultiShop.Payment", "Services\Payment\MultiShop.Payment\MultiShop.Payment.csproj", "{4139FE9C-64E4-4681-B651-30E3D9485F10}"
EndProject
Project("{2150E333-8FDC-42A3-9474-1A3956D46DE8}") = "Images", "Images", "{DBF94D62-EB88-4B16-82F4-74B9D1462FFE}"
EndProject
Project("{FAE04EC0-301F-11D3-BF4B-00C04F79EFBC}") = "MultiShop.Images", "Services\Images\MultiShop.Images\MultiShop.Images.csproj", "{3137EA09-61C3-480A-9737-ABE33F4801E1}"
EndProject
Project("{2150E333-8FDC-42A3-9474-1A3956D46DE8}") = "Message", "Message", "{29F165F1-8A13-4978-97E0-311245F09100}"
EndProject
Project("{FAE04EC0-301F-11D3-BF4B-00C04F79EFBC}") = "MultiShop.Message", "Services\Message\MultiShop.Message\MultiShop.Message.csproj", "{DD86FD73-D3D2-46DE-885F-86AFF64F6241}"
EndProject
Global
	GlobalSection(SolutionConfigurationPlatforms) = preSolution
		Debug|Any CPU = Debug|Any CPU
		Release|Any CPU = Release|Any CPU
	EndGlobalSection
	GlobalSection(ProjectConfigurationPlatforms) = postSolution
		{6AEE07F0-8ED3-42CA-8510-ABFC35744F08}.Debug|Any CPU.ActiveCfg = Debug|Any CPU
		{6AEE07F0-8ED3-42CA-8510-ABFC35744F08}.Debug|Any CPU.Build.0 = Debug|Any CPU
		{6AEE07F0-8ED3-42CA-8510-ABFC35744F08}.Release|Any CPU.ActiveCfg = Release|Any CPU
		{6AEE07F0-8ED3-42CA-8510-ABFC35744F08}.Release|Any CPU.Build.0 = Release|Any CPU
		{19BE33D8-C333-4704-9102-E814F22DA87E}.Debug|Any CPU.ActiveCfg = Debug|Any CPU
		{19BE33D8-C333-4704-9102-E814F22DA87E}.Debug|Any CPU.Build.0 = Debug|Any CPU
		{19BE33D8-C333-4704-9102-E814F22DA87E}.Release|Any CPU.ActiveCfg = Release|Any CPU
		{19BE33D8-C333-4704-9102-E814F22DA87E}.Release|Any CPU.Build.0 = Release|Any CPU
		{7BE58509-992F-497D-918B-C0DB9D9F5D78}.Debug|Any CPU.ActiveCfg = Debug|Any CPU
		{7BE58509-992F-497D-918B-C0DB9D9F5D78}.Debug|Any CPU.Build.0 = Debug|Any CPU
		{7BE58509-992F-497D-918B-C0DB9D9F5D78}.Release|Any CPU.ActiveCfg = Release|Any CPU
		{7BE58509-992F-497D-918B-C0DB9D9F5D78}.Release|Any CPU.Build.0 = Release|Any CPU
		{E7371623-468B-4A4E-A412-513ABD69C773}.Debug|Any CPU.ActiveCfg = Debug|Any CPU
		{E7371623-468B-4A4E-A412-513ABD69C773}.Debug|Any CPU.Build.0 = Debug|Any CPU
		{E7371623-468B-4A4E-A412-513ABD69C773}.Release|Any CPU.ActiveCfg = Release|Any CPU
		{E7371623-468B-4A4E-A412-513ABD69C773}.Release|Any CPU.Build.0 = Release|Any CPU
		{03A1F0E6-BF6B-4C95-A0CF-E2263FE5C7AF}.Debug|Any CPU.ActiveCfg = Debug|Any CPU
		{03A1F0E6-BF6B-4C95-A0CF-E2263FE5C7AF}.Debug|Any CPU.Build.0 = Debug|Any CPU
		{03A1F0E6-BF6B-4C95-A0CF-E2263FE5C7AF}.Release|Any CPU.ActiveCfg = Release|Any CPU
		{03A1F0E6-BF6B-4C95-A0CF-E2263FE5C7AF}.Release|Any CPU.Build.0 = Release|Any CPU
		{C058FD47-43C2-4D26-8044-8478B3C6DC25}.Debug|Any CPU.ActiveCfg = Debug|Any CPU
		{C058FD47-43C2-4D26-8044-8478B3C6DC25}.Debug|Any CPU.Build.0 = Debug|Any CPU
		{C058FD47-43C2-4D26-8044-8478B3C6DC25}.Release|Any CPU.ActiveCfg = Release|Any CPU
		{C058FD47-43C2-4D26-8044-8478B3C6DC25}.Release|Any CPU.Build.0 = Release|Any CPU
		{10FD9B61-8386-4784-8F3B-AE468B5E6122}.Debug|Any CPU.ActiveCfg = Debug|Any CPU
		{10FD9B61-8386-4784-8F3B-AE468B5E6122}.Debug|Any CPU.Build.0 = Debug|Any CPU
		{10FD9B61-8386-4784-8F3B-AE468B5E6122}.Release|Any CPU.ActiveCfg = Release|Any CPU
		{10FD9B61-8386-4784-8F3B-AE468B5E6122}.Release|Any CPU.Build.0 = Release|Any CPU
		{E5AE42DC-553C-4D5E-8DD8-3123477332A2}.Debug|Any CPU.ActiveCfg = Debug|Any CPU
		{E5AE42DC-553C-4D5E-8DD8-3123477332A2}.Debug|Any CPU.Build.0 = Debug|Any CPU
		{E5AE42DC-553C-4D5E-8DD8-3123477332A2}.Release|Any CPU.ActiveCfg = Release|Any CPU
		{E5AE42DC-553C-4D5E-8DD8-3123477332A2}.Release|Any CPU.Build.0 = Release|Any CPU
		{EF49E0FC-FFD7-4F8A-BB55-5F9A47168B7E}.Debug|Any CPU.ActiveCfg = Debug|Any CPU
		{EF49E0FC-FFD7-4F8A-BB55-5F9A47168B7E}.Debug|Any CPU.Build.0 = Debug|Any CPU
		{EF49E0FC-FFD7-4F8A-BB55-5F9A47168B7E}.Release|Any CPU.ActiveCfg = Release|Any CPU
		{EF49E0FC-FFD7-4F8A-BB55-5F9A47168B7E}.Release|Any CPU.Build.0 = Release|Any CPU
		{8D696663-21B9-43EF-A58B-EC0E0FE98822}.Debug|Any CPU.ActiveCfg = Debug|Any CPU
		{8D696663-21B9-43EF-A58B-EC0E0FE98822}.Debug|Any CPU.Build.0 = Debug|Any CPU
		{8D696663-21B9-43EF-A58B-EC0E0FE98822}.Release|Any CPU.ActiveCfg = Release|Any CPU
		{8D696663-21B9-43EF-A58B-EC0E0FE98822}.Release|Any CPU.Build.0 = Release|Any CPU
		{E0573220-1937-4751-9069-76A24CA47D05}.Debug|Any CPU.ActiveCfg = Debug|Any CPU
		{E0573220-1937-4751-9069-76A24CA47D05}.Debug|Any CPU.Build.0 = Debug|Any CPU
		{E0573220-1937-4751-9069-76A24CA47D05}.Release|Any CPU.ActiveCfg = Release|Any CPU
		{E0573220-1937-4751-9069-76A24CA47D05}.Release|Any CPU.Build.0 = Release|Any CPU
		{EF073A00-B98B-4D06-B542-865451EED73B}.Debug|Any CPU.ActiveCfg = Debug|Any CPU
		{EF073A00-B98B-4D06-B542-865451EED73B}.Debug|Any CPU.Build.0 = Debug|Any CPU
		{EF073A00-B98B-4D06-B542-865451EED73B}.Release|Any CPU.ActiveCfg = Release|Any CPU
		{EF073A00-B98B-4D06-B542-865451EED73B}.Release|Any CPU.Build.0 = Release|Any CPU
		{C0A252C1-53F4-4429-9AAA-70221174C10B}.Debug|Any CPU.ActiveCfg = Debug|Any CPU
		{C0A252C1-53F4-4429-9AAA-70221174C10B}.Debug|Any CPU.Build.0 = Debug|Any CPU
		{C0A252C1-53F4-4429-9AAA-70221174C10B}.Release|Any CPU.ActiveCfg = Release|Any CPU
		{C0A252C1-53F4-4429-9AAA-70221174C10B}.Release|Any CPU.Build.0 = Release|Any CPU
		{0B509349-E084-4623-B682-3851582996FA}.Debug|Any CPU.ActiveCfg = Debug|Any CPU
		{0B509349-E084-4623-B682-3851582996FA}.Debug|Any CPU.Build.0 = Debug|Any CPU
		{0B509349-E084-4623-B682-3851582996FA}.Release|Any CPU.ActiveCfg = Release|Any CPU
		{0B509349-E084-4623-B682-3851582996FA}.Release|Any CPU.Build.0 = Release|Any CPU
		{F50553A5-A37E-499F-847D-88D4BF85128C}.Debug|Any CPU.ActiveCfg = Debug|Any CPU
		{F50553A5-A37E-499F-847D-88D4BF85128C}.Debug|Any CPU.Build.0 = Debug|Any CPU
		{F50553A5-A37E-499F-847D-88D4BF85128C}.Release|Any CPU.ActiveCfg = Release|Any CPU
		{F50553A5-A37E-499F-847D-88D4BF85128C}.Release|Any CPU.Build.0 = Release|Any CPU
		{1F33B6B6-7919-4166-AD94-EBB030AF9C3F}.Debug|Any CPU.ActiveCfg = Debug|Any CPU
		{1F33B6B6-7919-4166-AD94-EBB030AF9C3F}.Debug|Any CPU.Build.0 = Debug|Any CPU
		{1F33B6B6-7919-4166-AD94-EBB030AF9C3F}.Release|Any CPU.ActiveCfg = Release|Any CPU
		{1F33B6B6-7919-4166-AD94-EBB030AF9C3F}.Release|Any CPU.Build.0 = Release|Any CPU
		{B2C03664-A41E-4A5C-AC33-721019A83CAF}.Debug|Any CPU.ActiveCfg = Debug|Any CPU
		{B2C03664-A41E-4A5C-AC33-721019A83CAF}.Debug|Any CPU.Build.0 = Debug|Any CPU
		{B2C03664-A41E-4A5C-AC33-721019A83CAF}.Release|Any CPU.ActiveCfg = Release|Any CPU
		{B2C03664-A41E-4A5C-AC33-721019A83CAF}.Release|Any CPU.Build.0 = Release|Any CPU
		{4139FE9C-64E4-4681-B651-30E3D9485F10}.Debug|Any CPU.ActiveCfg = Debug|Any CPU
		{4139FE9C-64E4-4681-B651-30E3D9485F10}.Debug|Any CPU.Build.0 = Debug|Any CPU
		{4139FE9C-64E4-4681-B651-30E3D9485F10}.Release|Any CPU.ActiveCfg = Release|Any CPU
		{4139FE9C-64E4-4681-B651-30E3D9485F10}.Release|Any CPU.Build.0 = Release|Any CPU
		{3137EA09-61C3-480A-9737-ABE33F4801E1}.Debug|Any CPU.ActiveCfg = Debug|Any CPU
		{3137EA09-61C3-480A-9737-ABE33F4801E1}.Debug|Any CPU.Build.0 = Debug|Any CPU
		{3137EA09-61C3-480A-9737-ABE33F4801E1}.Release|Any CPU.ActiveCfg = Release|Any CPU
		{3137EA09-61C3-480A-9737-ABE33F4801E1}.Release|Any CPU.Build.0 = Release|Any CPU
		{DD86FD73-D3D2-46DE-885F-86AFF64F6241}.Debug|Any CPU.ActiveCfg = Debug|Any CPU
		{DD86FD73-D3D2-46DE-885F-86AFF64F6241}.Debug|Any CPU.Build.0 = Debug|Any CPU
		{DD86FD73-D3D2-46DE-885F-86AFF64F6241}.Release|Any CPU.ActiveCfg = Release|Any CPU
		{DD86FD73-D3D2-46DE-885F-86AFF64F6241}.Release|Any CPU.Build.0 = Release|Any CPU
	EndGlobalSection
	GlobalSection(SolutionProperties) = preSolution
		HideSolutionNode = FALSE
	EndGlobalSection
	GlobalSection(NestedProjects) = preSolution
		{615298A0-D84B-419A-A859-9EA2429C45E9} = {57EF7CE3-BA75-4F2E-8D47-3907EF5C8020}
		{6AEE07F0-8ED3-42CA-8510-ABFC35744F08} = {615298A0-D84B-419A-A859-9EA2429C45E9}
		{8566FF64-87DB-4778-B9F1-B2C9A70187C6} = {57EF7CE3-BA75-4F2E-8D47-3907EF5C8020}
		{19BE33D8-C333-4704-9102-E814F22DA87E} = {8566FF64-87DB-4778-B9F1-B2C9A70187C6}
		{EA686AF2-D16B-4A5C-8AB4-7D820DA2CE7F} = {57EF7CE3-BA75-4F2E-8D47-3907EF5C8020}
		{CA7863C6-49F5-4AC3-8F04-D3CCECCD7BB3} = {EA686AF2-D16B-4A5C-8AB4-7D820DA2CE7F}
		{51DCCE44-FFB6-4C22-A165-F98D49B1097A} = {EA686AF2-D16B-4A5C-8AB4-7D820DA2CE7F}
		{4A8915A5-AAF2-4260-8594-F0FE11C18FBC} = {EA686AF2-D16B-4A5C-8AB4-7D820DA2CE7F}
		{7BE58509-992F-497D-918B-C0DB9D9F5D78} = {CA7863C6-49F5-4AC3-8F04-D3CCECCD7BB3}
		{E7371623-468B-4A4E-A412-513ABD69C773} = {CA7863C6-49F5-4AC3-8F04-D3CCECCD7BB3}
		{03A1F0E6-BF6B-4C95-A0CF-E2263FE5C7AF} = {51DCCE44-FFB6-4C22-A165-F98D49B1097A}
		{C058FD47-43C2-4D26-8044-8478B3C6DC25} = {4A8915A5-AAF2-4260-8594-F0FE11C18FBC}
		{10FD9B61-8386-4784-8F3B-AE468B5E6122} = {85E6ADDC-6A22-41AE-93A0-3DC61ED32532}
		{59A28AC1-AE08-435F-B991-427C618D051F} = {57EF7CE3-BA75-4F2E-8D47-3907EF5C8020}
		{E5AE42DC-553C-4D5E-8DD8-3123477332A2} = {59A28AC1-AE08-435F-B991-427C618D051F}
		{EF49E0FC-FFD7-4F8A-BB55-5F9A47168B7E} = {59A28AC1-AE08-435F-B991-427C618D051F}
		{8D696663-21B9-43EF-A58B-EC0E0FE98822} = {59A28AC1-AE08-435F-B991-427C618D051F}
		{E0573220-1937-4751-9069-76A24CA47D05} = {59A28AC1-AE08-435F-B991-427C618D051F}
		{EF073A00-B98B-4D06-B542-865451EED73B} = {59A28AC1-AE08-435F-B991-427C618D051F}
		{E3D9B627-B6C8-4FBD-A506-B3D4A4A62C50} = {57EF7CE3-BA75-4F2E-8D47-3907EF5C8020}
		{C0A252C1-53F4-4429-9AAA-70221174C10B} = {E3D9B627-B6C8-4FBD-A506-B3D4A4A62C50}
		{0B509349-E084-4623-B682-3851582996FA} = {983C095F-11A2-49E3-8FA8-019D4FA16C58}
		{F50553A5-A37E-499F-847D-88D4BF85128C} = {983C095F-11A2-49E3-8FA8-019D4FA16C58}
		{211FE5A6-0F6E-4497-8F84-7FC477DFFB3C} = {57EF7CE3-BA75-4F2E-8D47-3907EF5C8020}
		{1F33B6B6-7919-4166-AD94-EBB030AF9C3F} = {211FE5A6-0F6E-4497-8F84-7FC477DFFB3C}
		{B2C03664-A41E-4A5C-AC33-721019A83CAF} = {8D1D9AE6-298B-4698-BC9D-13D2A0124A4F}
		{60F0B835-7C2A-4FF4-80A1-C3EFD2A6AA67} = {57EF7CE3-BA75-4F2E-8D47-3907EF5C8020}
		{4139FE9C-64E4-4681-B651-30E3D9485F10} = {60F0B835-7C2A-4FF4-80A1-C3EFD2A6AA67}
		{DBF94D62-EB88-4B16-82F4-74B9D1462FFE} = {57EF7CE3-BA75-4F2E-8D47-3907EF5C8020}
		{3137EA09-61C3-480A-9737-ABE33F4801E1} = {DBF94D62-EB88-4B16-82F4-74B9D1462FFE}
		{29F165F1-8A13-4978-97E0-311245F09100} = {57EF7CE3-BA75-4F2E-8D47-3907EF5C8020}
		{DD86FD73-D3D2-46DE-885F-86AFF64F6241} = {29F165F1-8A13-4978-97E0-311245F09100}
	EndGlobalSection
EndGlobal
